
Microsoft Visual Studio Solution File, Format Version 12.00
# Visual Studio Version 17
VisualStudioVersion = 17.0.32112.339
MinimumVisualStudioVersion = 10.0.40219.1
Project("{FAE04EC0-301F-11D3-BF4B-00C04F79EFBC}") = "Dijkstra's Algorithm", "Dijkstra's Algorithm\Dijkstra's Algorithm.csproj", "{C8643C71-5EC1-4C4F-99B7-0A4FFC806696}"
EndProject
Global
	GlobalSection(SolutionConfigurationPlatforms) = preSolution
		Debug|Any CPU = Debug|Any CPU
		Release|Any CPU = Release|Any CPU
	EndGlobalSection
	GlobalSection(ProjectConfigurationPlatforms) = postSolution
		{C8643C71-5EC1-4C4F-99B7-0A4FFC806696}.Debug|Any CPU.ActiveCfg = Debug|Any CPU
		{C8643C71-5EC1-4C4F-99B7-0A4FFC806696}.Debug|Any CPU.Build.0 = Debug|Any CPU
		{C8643C71-5EC1-4C4F-99B7-0A4FFC806696}.Release|Any CPU.ActiveCfg = Release|Any CPU
		{C8643C71-5EC1-4C4F-99B7-0A4FFC806696}.Release|Any CPU.Build.0 = Release|Any CPU
	EndGlobalSection
	GlobalSection(SolutionProperties) = preSolution
		HideSolutionNode = FALSE
	EndGlobalSection
	GlobalSection(ExtensibilityGlobals) = postSolution
		SolutionGuid = {883C01EB-7D3E-489A-856A-3F17C395B11B}
	EndGlobalSection
EndGlobal
